
Microsoft Visual Studio Solution File, Format Version 12.00
# Visual Studio Version 16
VisualStudioVersion = 16.0.30711.63
MinimumVisualStudioVersion = 10.0.40219.1
Project("{9A19103F-16F7-4668-BE54-9A1E7A4F7556}") = "DierenTuinWPF", "DierenTuinWPF.csproj", "{3C1C782F-4AA7-4795-927C-867007122BF4}"
EndProject
Global
	GlobalSection(SolutionConfigurationPlatforms) = preSolution
		Debug|Any CPU = Debug|Any CPU
		Release|Any CPU = Release|Any CPU
	EndGlobalSection
	GlobalSection(ProjectConfigurationPlatforms) = postSolution
		{3C1C782F-4AA7-4795-927C-867007122BF4}.Debug|Any CPU.ActiveCfg = Debug|Any CPU
		{3C1C782F-4AA7-4795-927C-867007122BF4}.Debug|Any CPU.Build.0 = Debug|Any CPU
		{3C1C782F-4AA7-4795-927C-867007122BF4}.Release|Any CPU.ActiveCfg = Release|Any CPU
		{3C1C782F-4AA7-4795-927C-867007122BF4}.Release|Any CPU.Build.0 = Release|Any CPU
	EndGlobalSection
	GlobalSection(SolutionProperties) = preSolution
		HideSolutionNode = FALSE
	EndGlobalSection
	GlobalSection(ExtensibilityGlobals) = postSolution
		SolutionGuid = {BB58EDCE-682F-43EC-90C3-44674EE8E6B0}
	EndGlobalSection
EndGlobal
